
Microsoft Visual Studio Solution File, Format Version 12.00
# Visual Studio 15
VisualStudioVersion = 15.0.26124.0
MinimumVisualStudioVersion = 15.0.26124.0
Project("{2150E333-8FDC-42A3-9474-1A3956D46DE8}") = "src", "src", "{EE57CD0F-D65B-48D6-82D8-4E049404E736}"
EndProject
Project("{FAE04EC0-301F-11D3-BF4B-00C04F79EFBC}") = "Client", "src\Client\Client.csproj", "{506EE2EC-80F8-40DC-83A8-EBFFBA5CD2A1}"
EndProject
Project("{2150E333-8FDC-42A3-9474-1A3956D46DE8}") = "tests", "tests", "{B0137A03-8AFC-4DD8-B0D2-D1C1412D24B2}"
EndProject
Project("{FAE04EC0-301F-11D3-BF4B-00C04F79EFBC}") = "Client.IntegrationTests", "tests\Client.IntegrationTests\Client.IntegrationTests.csproj", "{5092CC44-CA92-421D-A3C1-5F3065101189}"
EndProject
Project("{FAE04EC0-301F-11D3-BF4B-00C04F79EFBC}") = "Client.UnitTests", "tests\Client.UnitTests\Client.UnitTests.csproj", "{F5E5FF33-9D5F-41F2-A75F-2AFA39D98105}"
EndProject
Global
	GlobalSection(SolutionConfigurationPlatforms) = preSolution
		Debug|Any CPU = Debug|Any CPU
		Debug|x64 = Debug|x64
		Debug|x86 = Debug|x86
		Release|Any CPU = Release|Any CPU
		Release|x64 = Release|x64
		Release|x86 = Release|x86
	EndGlobalSection
	GlobalSection(SolutionProperties) = preSolution
		HideSolutionNode = FALSE
	EndGlobalSection
	GlobalSection(ProjectConfigurationPlatforms) = postSolution
		{506EE2EC-80F8-40DC-83A8-EBFFBA5CD2A1}.Debug|Any CPU.ActiveCfg = Debug|Any CPU
		{506EE2EC-80F8-40DC-83A8-EBFFBA5CD2A1}.Debug|Any CPU.Build.0 = Debug|Any CPU
		{506EE2EC-80F8-40DC-83A8-EBFFBA5CD2A1}.Debug|x64.ActiveCfg = Debug|Any CPU
		{506EE2EC-80F8-40DC-83A8-EBFFBA5CD2A1}.Debug|x64.Build.0 = Debug|Any CPU
		{506EE2EC-80F8-40DC-83A8-EBFFBA5CD2A1}.Debug|x86.ActiveCfg = Debug|Any CPU
		{506EE2EC-80F8-40DC-83A8-EBFFBA5CD2A1}.Debug|x86.Build.0 = Debug|Any CPU
		{506EE2EC-80F8-40DC-83A8-EBFFBA5CD2A1}.Release|Any CPU.ActiveCfg = Release|Any CPU
		{506EE2EC-80F8-40DC-83A8-EBFFBA5CD2A1}.Release|Any CPU.Build.0 = Release|Any CPU
		{506EE2EC-80F8-40DC-83A8-EBFFBA5CD2A1}.Release|x64.ActiveCfg = Release|Any CPU
		{506EE2EC-80F8-40DC-83A8-EBFFBA5CD2A1}.Release|x64.Build.0 = Release|Any CPU
		{506EE2EC-80F8-40DC-83A8-EBFFBA5CD2A1}.Release|x86.ActiveCfg = Release|Any CPU
		{506EE2EC-80F8-40DC-83A8-EBFFBA5CD2A1}.Release|x86.Build.0 = Release|Any CPU
		{5092CC44-CA92-421D-A3C1-5F3065101189}.Debug|Any CPU.ActiveCfg = Debug|Any CPU
		{5092CC44-CA92-421D-A3C1-5F3065101189}.Debug|Any CPU.Build.0 = Debug|Any CPU
		{5092CC44-CA92-421D-A3C1-5F3065101189}.Debug|x64.ActiveCfg = Debug|Any CPU
		{5092CC44-CA92-421D-A3C1-5F3065101189}.Debug|x64.Build.0 = Debug|Any CPU
		{5092CC44-CA92-421D-A3C1-5F3065101189}.Debug|x86.ActiveCfg = Debug|Any CPU
		{5092CC44-CA92-421D-A3C1-5F3065101189}.Debug|x86.Build.0 = Debug|Any CPU
		{5092CC44-CA92-421D-A3C1-5F3065101189}.Release|Any CPU.ActiveCfg = Release|Any CPU
		{5092CC44-CA92-421D-A3C1-5F3065101189}.Release|Any CPU.Build.0 = Release|Any CPU
		{5092CC44-CA92-421D-A3C1-5F3065101189}.Release|x64.ActiveCfg = Release|Any CPU
		{5092CC44-CA92-421D-A3C1-5F3065101189}.Release|x64.Build.0 = Release|Any CPU
		{5092CC44-CA92-421D-A3C1-5F3065101189}.Release|x86.ActiveCfg = Release|Any CPU
		{5092CC44-CA92-421D-A3C1-5F3065101189}.Release|x86.Build.0 = Release|Any CPU
		{F5E5FF33-9D5F-41F2-A75F-2AFA39D98105}.Debug|Any CPU.ActiveCfg = Debug|Any CPU
		{F5E5FF33-9D5F-41F2-A75F-2AFA39D98105}.Debug|Any CPU.Build.0 = Debug|Any CPU
		{F5E5FF33-9D5F-41F2-A75F-2AFA39D98105}.Debug|x64.ActiveCfg = Debug|Any CPU
		{F5E5FF33-9D5F-41F2-A75F-2AFA39D98105}.Debug|x64.Build.0 = Debug|Any CPU
		{F5E5FF33-9D5F-41F2-A75F-2AFA39D98105}.Debug|x86.ActiveCfg = Debug|Any CPU
		{F5E5FF33-9D5F-41F2-A75F-2AFA39D98105}.Debug|x86.Build.0 = Debug|Any CPU
		{F5E5FF33-9D5F-41F2-A75F-2AFA39D98105}.Release|Any CPU.ActiveCfg = Release|Any CPU
		{F5E5FF33-9D5F-41F2-A75F-2AFA39D98105}.Release|Any CPU.Build.0 = Release|Any CPU
		{F5E5FF33-9D5F-41F2-A75F-2AFA39D98105}.Release|x64.ActiveCfg = Release|Any CPU
		{F5E5FF33-9D5F-41F2-A75F-2AFA39D98105}.Release|x64.Build.0 = Release|Any CPU
		{F5E5FF33-9D5F-41F2-A75F-2AFA39D98105}.Release|x86.ActiveCfg = Release|Any CPU
		{F5E5FF33-9D5F-41F2-A75F-2AFA39D98105}.Release|x86.Build.0 = Release|Any CPU
	EndGlobalSection
	GlobalSection(NestedProjects) = preSolution
		{506EE2EC-80F8-40DC-83A8-EBFFBA5CD2A1} = {EE57CD0F-D65B-48D6-82D8-4E049404E736}
		{5092CC44-CA92-421D-A3C1-5F3065101189} = {B0137A03-8AFC-4DD8-B0D2-D1C1412D24B2}
		{F5E5FF33-9D5F-41F2-A75F-2AFA39D98105} = {B0137A03-8AFC-4DD8-B0D2-D1C1412D24B2}
	EndGlobalSection
EndGlobal
